
Microsoft Visual Studio Solution File, Format Version 12.00
# Visual Studio Version 17
VisualStudioVersion = 17.13.35931.197
MinimumVisualStudioVersion = 10.0.40219.1
Project("{FAE04EC0-301F-11D3-BF4B-00C04F79EFBC}") = "ProyectoTiendaTPV", "ProyectoTiendaTPV\ProyectoTiendaTPV.csproj", "{702797BB-BD73-42D3-81F6-3B8163556068}"
EndProject
Global
	GlobalSection(SolutionConfigurationPlatforms) = preSolution
		Debug|Any CPU = Debug|Any CPU
		Release|Any CPU = Release|Any CPU
	EndGlobalSection
	GlobalSection(ProjectConfigurationPlatforms) = postSolution
		{702797BB-BD73-42D3-81F6-3B8163556068}.Debug|Any CPU.ActiveCfg = Debug|Any CPU
		{702797BB-BD73-42D3-81F6-3B8163556068}.Debug|Any CPU.Build.0 = Debug|Any CPU
		{702797BB-BD73-42D3-81F6-3B8163556068}.Release|Any CPU.ActiveCfg = Release|Any CPU
		{702797BB-BD73-42D3-81F6-3B8163556068}.Release|Any CPU.Build.0 = Release|Any CPU
	EndGlobalSection
	GlobalSection(SolutionProperties) = preSolution
		HideSolutionNode = FALSE
	EndGlobalSection
	GlobalSection(ExtensibilityGlobals) = postSolution
		SolutionGuid = {6B661C90-1D5C-4914-819B-4F9FB1934A8E}
	EndGlobalSection
EndGlobal
